{
  "name": "amzn1.ask.skill.53ad48cd-b234-4841-87f8-c98bcca6c42b",
  "version": "1.0.0",
  "lockfileVersion": 1,
  "requires": true,
  "dependencies": {
    "i18next": {
      "version": "10.6.0",
      "resolved": "https://registry.npmjs.org/i18next/-/i18next-10.6.0.tgz",
      "integrity": "sha512-ycRlN145kQf8EsyDAzMfjqv1ZT1Jwp7P2H/07bP8JLWm+7cSLD4XqlJOvq4mKVS2y2mMIy10lX9ZeYUdQ0qSRw=="
    }
  }
}
